<?xml version="1.0" encoding="utf-8"?>
<Project ToolsVersion="4.0" xmlns="http://schemas.microsoft.com/developer/msbuild/2003">
  <ItemGroup>
    <Filter Include="리소스 파일">
      <UniqueIdentifier>{67DA6AB6-F800-4c08-8B7A-83BB121AAD01}</UniqueIdentifier>
      <Extensions>rc;ico;cur;bmp;dlg;rc2;rct;bin;rgs;gif;jpg;jpeg;jpe;resx;tiff;tif;png;wav;mfcribbon-ms</Extensions>
    </Filter>
    <Filter Include="src">
      <UniqueIdentifier>{f9f4c033-1a10-45a7-8f2a-b661617ac1cb}</UniqueIdentifier>
    </Filter>
    <Filter Include="src\util">
      <UniqueIdentifier>{c6b516b1-9159-42cb-a9f3-19186becccfc}</UniqueIdentifier>
    </Filter>
    <Filter Include="src\view">
      <UniqueIdentifier>{27ef5c22-bdf4-49d4-9f74-5d07a309efca}</UniqueIdentifier>
    </Filter>
    <Filter Include="src\crawler">
      <UniqueIdentifier>{8bd75579-e368-4950-bd7d-95efdeb30fab}</UniqueIdentifier>
    </Filter>
    <Filter Include="src\model">
      <UniqueIdentifier>{d4d823b6-ff5c-4d6d-bbe9-02b74cc57344}</UniqueIdentifier>
    </Filter>
  </ItemGroup>
  <ItemGroup>
    <ClInclude Include="BlogCrawlerApplication.h">
      <Filter>src</Filter>
    </ClInclude>
    <ClInclude Include="Resource.h">
      <Filter>src</Filter>
    </ClInclude>
    <ClInclude Include="stdafx.h">
      <Filter>src</Filter>
    </ClInclude>
    <ClInclude Include="targetver.h">
      <Filter>src</Filter>
    </ClInclude>
    <ClInclude Include="BlogCrawlerApplicationDlg.h">
      <Filter>src\view</Filter>
    </ClInclude>
    <ClInclude Include="HttpClient.h">
      <Filter>src\util</Filter>
    </ClInclude>
    <ClInclude Include="BlogCrawler.h">
      <Filter>src\crawler</Filter>
    </ClInclude>
    <ClInclude Include="Article.h">
      <Filter>src\model</Filter>
    </ClInclude>
    <ClInclude Include="HerbsutterBlogCrawler.h">
      <Filter>src\crawler</Filter>
    </ClInclude>
  </ItemGroup>
  <ItemGroup>
    <ClCompile Include="BlogCrawlerApplication.cpp">
      <Filter>src</Filter>
    </ClCompile>
    <ClCompile Include="stdafx.cpp">
      <Filter>src</Filter>
    </ClCompile>
    <ClCompile Include="BlogCrawlerApplicationDlg.cpp">
      <Filter>src\view</Filter>
    </ClCompile>
    <ClCompile Include="HttpClient.cpp">
      <Filter>src\util</Filter>
    </ClCompile>
    <ClCompile Include="BlogCrawler.cpp">
      <Filter>src\crawler</Filter>
    </ClCompile>
    <ClCompile Include="HerbsutterBlogCrawler.cpp">
      <Filter>src\crawler</Filter>
    </ClCompile>
  </ItemGroup>
  <ItemGroup>
    <ResourceCompile Include="BlogCrawlerApplication.rc">
      <Filter>리소스 파일</Filter>
    </ResourceCompile>
  </ItemGroup>
  <ItemGroup>
    <None Include="res\BlogCrawlerApplication.rc2">
      <Filter>리소스 파일</Filter>
    </None>
    <None Include="packages.config" />
  </ItemGroup>
  <ItemGroup>
    <Image Include="res\BlogCrawlerApplication.ico">
      <Filter>리소스 파일</Filter>
    </Image>
  </ItemGroup>
</Project>